// !$*UTF8*$!
{
	archiveVersion = 1;
	classes = {
	};
	objectVersion = 56;
	objects = {

/* Begin PBXBuildFile section */
		2D5D0F99E23B1A800D1D2ACF /* Pods_Stock_Profile_Manager.framework in Frameworks */ = {isa = PBXBuildFile; fileRef = C190BDE46918CB0A58DE45B1 /* Pods_Stock_Profile_Manager.framework */; };
		330817722BC373A7003D669A /* StockPriceDetails.swift in Sources */ = {isa = PBXBuildFile; fileRef = 330817712BC373A7003D669A /* StockPriceDetails.swift */; };
		330817742BC37894003D669A /* History.swift in Sources */ = {isa = PBXBuildFile; fileRef = 330817732BC37894003D669A /* History.swift */; };
		330817762BC37B71003D669A /* Peers.swift in Sources */ = {isa = PBXBuildFile; fileRef = 330817752BC37B71003D669A /* Peers.swift */; };
		332EE7AA2BC1935B00F93DB8 /* Stock_Profile_ManagerApp.swift in Sources */ = {isa = PBXBuildFile; fileRef = 332EE7A92BC1935B00F93DB8 /* Stock_Profile_ManagerApp.swift */; };
		332EE7AE2BC1935E00F93DB8 /* Assets.xcassets in Resources */ = {isa = PBXBuildFile; fileRef = 332EE7AD2BC1935E00F93DB8 /* Assets.xcassets */; };
		332EE7B12BC1935E00F93DB8 /* Preview Assets.xcassets in Resources */ = {isa = PBXBuildFile; fileRef = 332EE7B02BC1935E00F93DB8 /* Preview Assets.xcassets */; };
		332EE7BB2BC1935E00F93DB8 /* Stock_Profile_ManagerTests.swift in Sources */ = {isa = PBXBuildFile; fileRef = 332EE7BA2BC1935E00F93DB8 /* Stock_Profile_ManagerTests.swift */; };
		332EE7C52BC1935E00F93DB8 /* Stock_Profile_ManagerUITests.swift in Sources */ = {isa = PBXBuildFile; fileRef = 332EE7C42BC1935E00F93DB8 /* Stock_Profile_ManagerUITests.swift */; };
		332EE7C72BC1935E00F93DB8 /* Stock_Profile_ManagerUITestsLaunchTests.swift in Sources */ = {isa = PBXBuildFile; fileRef = 332EE7C62BC1935E00F93DB8 /* Stock_Profile_ManagerUITestsLaunchTests.swift */; };
		332EE7D52BC1939200F93DB8 /* SplashView.swift in Sources */ = {isa = PBXBuildFile; fileRef = 332EE7D42BC1939200F93DB8 /* SplashView.swift */; };
		332EE7D72BC193AC00F93DB8 /* HomepageView.swift in Sources */ = {isa = PBXBuildFile; fileRef = 332EE7D62BC193AC00F93DB8 /* HomepageView.swift */; };
		332EE7D82BC19A2600F93DB8 /* ContentView.swift in Sources */ = {isa = PBXBuildFile; fileRef = 332EE7AB2BC1935B00F93DB8 /* ContentView.swift */; };
		332EE7DF2BC1C1BC00F93DB8 /* DetailsView.swift in Sources */ = {isa = PBXBuildFile; fileRef = 332EE7DE2BC1C1BC00F93DB8 /* DetailsView.swift */; };
		332EE7E22BC1CA1300F93DB8 /* Portfolio.swift in Sources */ = {isa = PBXBuildFile; fileRef = 332EE7E12BC1CA1300F93DB8 /* Portfolio.swift */; };
		332EE7E42BC1CA3600F93DB8 /* Favorite.swift in Sources */ = {isa = PBXBuildFile; fileRef = 332EE7E32BC1CA3600F93DB8 /* Favorite.swift */; };
		332EE7E62BC1CA4D00F93DB8 /* Wallet.swift in Sources */ = {isa = PBXBuildFile; fileRef = 332EE7E52BC1CA4D00F93DB8 /* Wallet.swift */; };
		332EE7E92BC1D81200F93DB8 /* stocksearch.service.swift in Sources */ = {isa = PBXBuildFile; fileRef = 332EE7E82BC1D81200F93DB8 /* stocksearch.service.swift */; };
		332EE7EC2BC206AA00F93DB8 /* DetailsViewModel.swift in Sources */ = {isa = PBXBuildFile; fileRef = 332EE7EB2BC206AA00F93DB8 /* DetailsViewModel.swift */; };
		332EE7EE2BC208F600F93DB8 /* Details.swift in Sources */ = {isa = PBXBuildFile; fileRef = 332EE7ED2BC208F600F93DB8 /* Details.swift */; };
		333B77E32BC3A87400592668 /* portfolio.service.swift in Sources */ = {isa = PBXBuildFile; fileRef = 333B77E22BC3A87400592668 /* portfolio.service.swift */; };
		333B77E52BC3A88900592668 /* favorites.service.swift in Sources */ = {isa = PBXBuildFile; fileRef = 333B77E42BC3A88900592668 /* favorites.service.swift */; };
		333B77E72BC3BEB800592668 /* PortfolioViewModel.swift in Sources */ = {isa = PBXBuildFile; fileRef = 333B77E62BC3BEB800592668 /* PortfolioViewModel.swift */; };
		333B77EB2BC5BED500592668 /* StockDataView.swift in Sources */ = {isa = PBXBuildFile; fileRef = 333B77EA2BC5BED500592668 /* StockDataView.swift */; };
		335126442BCEDF5A000A1F8B /* SuccessSellSheet.swift in Sources */ = {isa = PBXBuildFile; fileRef = 335126432BCEDF5A000A1F8B /* SuccessSellSheet.swift */; };
		33570CE42BC66DDA00AFCBF8 /* AutocompleteViewModel.swift in Sources */ = {isa = PBXBuildFile; fileRef = 33570CE32BC66DDA00AFCBF8 /* AutocompleteViewModel.swift */; };
		33570CE62BC66FED00AFCBF8 /* AutocompleteView.swift in Sources */ = {isa = PBXBuildFile; fileRef = 33570CE52BC66FED00AFCBF8 /* AutocompleteView.swift */; };
		33570CE82BC8636A00AFCBF8 /* FavoriteViewModel.swift in Sources */ = {isa = PBXBuildFile; fileRef = 33570CE72BC8636A00AFCBF8 /* FavoriteViewModel.swift */; };
		33570CEA2BC8DA0100AFCBF8 /* Highchart.swift in Sources */ = {isa = PBXBuildFile; fileRef = 33570CE92BC8DA0100AFCBF8 /* Highchart.swift */; };
		33570CEC2BC9C3F300AFCBF8 /* News.swift in Sources */ = {isa = PBXBuildFile; fileRef = 33570CEB2BC9C3F300AFCBF8 /* News.swift */; };
		33570CEE2BCA1B6C00AFCBF8 /* Utils.swift in Sources */ = {isa = PBXBuildFile; fileRef = 33570CED2BCA1B6C00AFCBF8 /* Utils.swift */; };
		33570CF02BCA1E9400AFCBF8 /* NewsDetailSheet.swift in Sources */ = {isa = PBXBuildFile; fileRef = 33570CEF2BCA1E9400AFCBF8 /* NewsDetailSheet.swift */; };
		33570CF22BCAC9F600AFCBF8 /* TradeSheet.swift in Sources */ = {isa = PBXBuildFile; fileRef = 33570CF12BCAC9F600AFCBF8 /* TradeSheet.swift */; };
		3363F4582BCB7FEB008D84EA /* SuccessBuySheet.swift in Sources */ = {isa = PBXBuildFile; fileRef = 3363F4572BCB7FEB008D84EA /* SuccessBuySheet.swift */; };
		33833CFE2BE0768100C19708 /* MainChartsViewModel.swift in Sources */ = {isa = PBXBuildFile; fileRef = 33833CFD2BE0768100C19708 /* MainChartsViewModel.swift */; };
		33833D042BE07D0000C19708 /* EPSSurpriseView.swift in Sources */ = {isa = PBXBuildFile; fileRef = 33833D032BE07D0000C19708 /* EPSSurpriseView.swift */; };
		33833D062BE07D2C00C19708 /* RecommendationTrendsView.swift in Sources */ = {isa = PBXBuildFile; fileRef = 33833D052BE07D2C00C19708 /* RecommendationTrendsView.swift */; };
		33833D082BE07DB700C19708 /* HourlyView.swift in Sources */ = {isa = PBXBuildFile; fileRef = 33833D072BE07DB700C19708 /* HourlyView.swift */; };
		33833D0A2BE07E0100C19708 /* HistoricalChartView.swift in Sources */ = {isa = PBXBuildFile; fileRef = 33833D092BE07E0100C19708 /* HistoricalChartView.swift */; };
		33833D0C2BE16B8D00C19708 /* MainHighchartsView.swift in Sources */ = {isa = PBXBuildFile; fileRef = 33833D0B2BE16B8D00C19708 /* MainHighchartsView.swift */; };
		33833D0E2BE1AA7E00C19708 /* InsightsTableView.swift in Sources */ = {isa = PBXBuildFile; fileRef = 33833D0D2BE1AA7E00C19708 /* InsightsTableView.swift */; };
		49CF3F42320E0639BEF0161C /* Pods_Stock_Profile_Manager_Stock_Profile_ManagerUITests.framework in Frameworks */ = {isa = PBXBuildFile; fileRef = 7AE898823AAEDA75F8052ABC /* Pods_Stock_Profile_Manager_Stock_Profile_ManagerUITests.framework */; };
		5C35376FCB0E8AE076A36464 /* Pods_Stock_Profile_ManagerTests.framework in Frameworks */ = {isa = PBXBuildFile; fileRef = 34FDD1FC7269D3022D3993D3 /* Pods_Stock_Profile_ManagerTests.framework */; };
/* End PBXBuildFile section */

/* Begin PBXContainerItemProxy section */
		332EE7B72BC1935E00F93DB8 /* PBXContainerItemProxy */ = {
			isa = PBXContainerItemProxy;
			containerPortal = 332EE79E2BC1935B00F93DB8 /* Project object */;
			proxyType = 1;
			remoteGlobalIDString = 332EE7A52BC1935B00F93DB8;
			remoteInfo = "Stock Profile Manager";
		};
		332EE7C12BC1935E00F93DB8 /* PBXContainerItemProxy */ = {
			isa = PBXContainerItemProxy;
			containerPortal = 332EE79E2BC1935B00F93DB8 /* Project object */;
			proxyType = 1;
			remoteGlobalIDString = 332EE7A52BC1935B00F93DB8;
			remoteInfo = "Stock Profile Manager";
		};
/* End PBXContainerItemProxy section */

/* Begin PBXFileReference section */
		1030160E14BC26A893952589 /* Pods-Stock Profile Manager-Stock Profile ManagerUITests.debug.xcconfig */ = {isa = PBXFileReference; includeInIndex = 1; lastKnownFileType = text.xcconfig; name = "Pods-Stock Profile Manager-Stock Profile ManagerUITests.debug.xcconfig"; path = "Target Support Files/Pods-Stock Profile Manager-Stock Profile ManagerUITests/Pods-Stock Profile Manager-Stock Profile ManagerUITests.debug.xcconfig"; sourceTree = "<group>"; };
		330817712BC373A7003D669A /* StockPriceDetails.swift */ = {isa = PBXFileReference; lastKnownFileType = sourcecode.swift; path = StockPriceDetails.swift; sourceTree = "<group>"; };
		330817732BC37894003D669A /* History.swift */ = {isa = PBXFileReference; lastKnownFileType = sourcecode.swift; path = History.swift; sourceTree = "<group>"; };
		330817752BC37B71003D669A /* Peers.swift */ = {isa = PBXFileReference; lastKnownFileType = sourcecode.swift; path = Peers.swift; sourceTree = "<group>"; };
		332EE7A62BC1935B00F93DB8 /* Stock Profile Manager.app */ = {isa = PBXFileReference; explicitFileType = wrapper.application; includeInIndex = 0; path = "Stock Profile Manager.app"; sourceTree = BUILT_PRODUCTS_DIR; };
		332EE7A92BC1935B00F93DB8 /* Stock_Profile_ManagerApp.swift */ = {isa = PBXFileReference; lastKnownFileType = sourcecode.swift; path = Stock_Profile_ManagerApp.swift; sourceTree = "<group>"; };
		332EE7AB2BC1935B00F93DB8 /* ContentView.swift */ = {isa = PBXFileReference; lastKnownFileType = sourcecode.swift; path = ContentView.swift; sourceTree = "<group>"; };
		332EE7AD2BC1935E00F93DB8 /* Assets.xcassets */ = {isa = PBXFileReference; lastKnownFileType = folder.assetcatalog; path = Assets.xcassets; sourceTree = "<group>"; };
		332EE7B02BC1935E00F93DB8 /* Preview Assets.xcassets */ = {isa = PBXFileReference; lastKnownFileType = folder.assetcatalog; path = "Preview Assets.xcassets"; sourceTree = "<group>"; };
		332EE7B62BC1935E00F93DB8 /* Stock Profile ManagerTests.xctest */ = {isa = PBXFileReference; explicitFileType = wrapper.cfbundle; includeInIndex = 0; path = "Stock Profile ManagerTests.xctest"; sourceTree = BUILT_PRODUCTS_DIR; };
		332EE7BA2BC1935E00F93DB8 /* Stock_Profile_ManagerTests.swift */ = {isa = PBXFileReference; lastKnownFileType = sourcecode.swift; path = Stock_Profile_ManagerTests.swift; sourceTree = "<group>"; };
		332EE7C02BC1935E00F93DB8 /* Stock Profile ManagerUITests.xctest */ = {isa = PBXFileReference; explicitFileType = wrapper.cfbundle; includeInIndex = 0; path = "Stock Profile ManagerUITests.xctest"; sourceTree = BUILT_PRODUCTS_DIR; };
		332EE7C42BC1935E00F93DB8 /* Stock_Profile_ManagerUITests.swift */ = {isa = PBXFileReference; lastKnownFileType = sourcecode.swift; path = Stock_Profile_ManagerUITests.swift; sourceTree = "<group>"; };
		332EE7C62BC1935E00F93DB8 /* Stock_Profile_ManagerUITestsLaunchTests.swift */ = {isa = PBXFileReference; lastKnownFileType = sourcecode.swift; path = Stock_Profile_ManagerUITestsLaunchTests.swift; sourceTree = "<group>"; };
		332EE7D42BC1939200F93DB8 /* SplashView.swift */ = {isa = PBXFileReference; lastKnownFileType = sourcecode.swift; path = SplashView.swift; sourceTree = "<group>"; };
		332EE7D62BC193AC00F93DB8 /* HomepageView.swift */ = {isa = PBXFileReference; lastKnownFileType = sourcecode.swift; path = HomepageView.swift; sourceTree = "<group>"; };
		332EE7DE2BC1C1BC00F93DB8 /* DetailsView.swift */ = {isa = PBXFileReference; lastKnownFileType = sourcecode.swift; path = DetailsView.swift; sourceTree = "<group>"; tabWidth = 4; };
		332EE7E12BC1CA1300F93DB8 /* Portfolio.swift */ = {isa = PBXFileReference; lastKnownFileType = sourcecode.swift; path = Portfolio.swift; sourceTree = "<group>"; };
		332EE7E32BC1CA3600F93DB8 /* Favorite.swift */ = {isa = PBXFileReference; lastKnownFileType = sourcecode.swift; path = Favorite.swift; sourceTree = "<group>"; };
		332EE7E52BC1CA4D00F93DB8 /* Wallet.swift */ = {isa = PBXFileReference; lastKnownFileType = sourcecode.swift; path = Wallet.swift; sourceTree = "<group>"; };
		332EE7E82BC1D81200F93DB8 /* stocksearch.service.swift */ = {isa = PBXFileReference; lastKnownFileType = sourcecode.swift; path = stocksearch.service.swift; sourceTree = "<group>"; };
		332EE7EB2BC206AA00F93DB8 /* DetailsViewModel.swift */ = {isa = PBXFileReference; lastKnownFileType = sourcecode.swift; path = DetailsViewModel.swift; sourceTree = "<group>"; };
		332EE7ED2BC208F600F93DB8 /* Details.swift */ = {isa = PBXFileReference; lastKnownFileType = sourcecode.swift; path = Details.swift; sourceTree = "<group>"; };
		333B77E22BC3A87400592668 /* portfolio.service.swift */ = {isa = PBXFileReference; lastKnownFileType = sourcecode.swift; path = portfolio.service.swift; sourceTree = "<group>"; };
		333B77E42BC3A88900592668 /* favorites.service.swift */ = {isa = PBXFileReference; lastKnownFileType = sourcecode.swift; path = favorites.service.swift; sourceTree = "<group>"; };
		333B77E62BC3BEB800592668 /* PortfolioViewModel.swift */ = {isa = PBXFileReference; lastKnownFileType = sourcecode.swift; path = PortfolioViewModel.swift; sourceTree = "<group>"; };
		333B77EA2BC5BED500592668 /* StockDataView.swift */ = {isa = PBXFileReference; lastKnownFileType = sourcecode.swift; path = StockDataView.swift; sourceTree = "<group>"; };
		335126432BCEDF5A000A1F8B /* SuccessSellSheet.swift */ = {isa = PBXFileReference; lastKnownFileType = sourcecode.swift; path = SuccessSellSheet.swift; sourceTree = "<group>"; };
		33570CE32BC66DDA00AFCBF8 /* AutocompleteViewModel.swift */ = {isa = PBXFileReference; lastKnownFileType = sourcecode.swift; path = AutocompleteViewModel.swift; sourceTree = "<group>"; };
		33570CE52BC66FED00AFCBF8 /* AutocompleteView.swift */ = {isa = PBXFileReference; lastKnownFileType = sourcecode.swift; path = AutocompleteView.swift; sourceTree = "<group>"; };
		33570CE72BC8636A00AFCBF8 /* FavoriteViewModel.swift */ = {isa = PBXFileReference; lastKnownFileType = sourcecode.swift; path = FavoriteViewModel.swift; sourceTree = "<group>"; };
		33570CE92BC8DA0100AFCBF8 /* Highchart.swift */ = {isa = PBXFileReference; lastKnownFileType = sourcecode.swift; path = Highchart.swift; sourceTree = "<group>"; };
		33570CEB2BC9C3F300AFCBF8 /* News.swift */ = {isa = PBXFileReference; lastKnownFileType = sourcecode.swift; path = News.swift; sourceTree = "<group>"; };
		33570CED2BCA1B6C00AFCBF8 /* Utils.swift */ = {isa = PBXFileReference; lastKnownFileType = sourcecode.swift; path = Utils.swift; sourceTree = "<group>"; };
		33570CEF2BCA1E9400AFCBF8 /* NewsDetailSheet.swift */ = {isa = PBXFileReference; lastKnownFileType = sourcecode.swift; path = NewsDetailSheet.swift; sourceTree = "<group>"; };
		33570CF12BCAC9F600AFCBF8 /* TradeSheet.swift */ = {isa = PBXFileReference; lastKnownFileType = sourcecode.swift; path = TradeSheet.swift; sourceTree = "<group>"; };
		3363F4572BCB7FEB008D84EA /* SuccessBuySheet.swift */ = {isa = PBXFileReference; lastKnownFileType = sourcecode.swift; path = SuccessBuySheet.swift; sourceTree = "<group>"; };
		33833CFD2BE0768100C19708 /* MainChartsViewModel.swift */ = {isa = PBXFileReference; lastKnownFileType = sourcecode.swift; path = MainChartsViewModel.swift; sourceTree = "<group>"; };
		33833D032BE07D0000C19708 /* EPSSurpriseView.swift */ = {isa = PBXFileReference; lastKnownFileType = sourcecode.swift; path = EPSSurpriseView.swift; sourceTree = "<group>"; };
		33833D052BE07D2C00C19708 /* RecommendationTrendsView.swift */ = {isa = PBXFileReference; lastKnownFileType = sourcecode.swift; path = RecommendationTrendsView.swift; sourceTree = "<group>"; };
		33833D072BE07DB700C19708 /* HourlyView.swift */ = {isa = PBXFileReference; lastKnownFileType = sourcecode.swift; path = HourlyView.swift; sourceTree = "<group>"; };
		33833D092BE07E0100C19708 /* HistoricalChartView.swift */ = {isa = PBXFileReference; lastKnownFileType = sourcecode.swift; path = HistoricalChartView.swift; sourceTree = "<group>"; };
		33833D0B2BE16B8D00C19708 /* MainHighchartsView.swift */ = {isa = PBXFileReference; lastKnownFileType = sourcecode.swift; path = MainHighchartsView.swift; sourceTree = "<group>"; };
		33833D0D2BE1AA7E00C19708 /* InsightsTableView.swift */ = {isa = PBXFileReference; lastKnownFileType = sourcecode.swift; path = InsightsTableView.swift; sourceTree = "<group>"; };
		34FDD1FC7269D3022D3993D3 /* Pods_Stock_Profile_ManagerTests.framework */ = {isa = PBXFileReference; explicitFileType = wrapper.framework; includeInIndex = 0; path = Pods_Stock_Profile_ManagerTests.framework; sourceTree = BUILT_PRODUCTS_DIR; };
		520A9A67973E6CB34E322A1F /* Pods-Stock Profile Manager-Stock Profile ManagerUITests.release.xcconfig */ = {isa = PBXFileReference; includeInIndex = 1; lastKnownFileType = text.xcconfig; name = "Pods-Stock Profile Manager-Stock Profile ManagerUITests.release.xcconfig"; path = "Target Support Files/Pods-Stock Profile Manager-Stock Profile ManagerUITests/Pods-Stock Profile Manager-Stock Profile ManagerUITests.release.xcconfig"; sourceTree = "<group>"; };
		6CFC73BD253641E905B2F739 /* Pods-Stock Profile ManagerTests.debug.xcconfig */ = {isa = PBXFileReference; includeInIndex = 1; lastKnownFileType = text.xcconfig; name = "Pods-Stock Profile ManagerTests.debug.xcconfig"; path = "Target Support Files/Pods-Stock Profile ManagerTests/Pods-Stock Profile ManagerTests.debug.xcconfig"; sourceTree = "<group>"; };
		7AE898823AAEDA75F8052ABC /* Pods_Stock_Profile_Manager_Stock_Profile_ManagerUITests.framework */ = {isa = PBXFileReference; explicitFileType = wrapper.framework; includeInIndex = 0; path = Pods_Stock_Profile_Manager_Stock_Profile_ManagerUITests.framework; sourceTree = BUILT_PRODUCTS_DIR; };
		7B47A2B87259DA42F027AC4C /* Pods-Stock Profile Manager.release.xcconfig */ = {isa = PBXFileReference; includeInIndex = 1; lastKnownFileType = text.xcconfig; name = "Pods-Stock Profile Manager.release.xcconfig"; path = "Target Support Files/Pods-Stock Profile Manager/Pods-Stock Profile Manager.release.xcconfig"; sourceTree = "<group>"; };
		C190BDE46918CB0A58DE45B1 /* Pods_Stock_Profile_Manager.framework */ = {isa = PBXFileReference; explicitFileType = wrapper.framework; includeInIndex = 0; path = Pods_Stock_Profile_Manager.framework; sourceTree = BUILT_PRODUCTS_DIR; };
		DDAC2212D31B840AFA92C26C /* Pods-Stock Profile ManagerTests.release.xcconfig */ = {isa = PBXFileReference; includeInIndex = 1; lastKnownFileType = text.xcconfig; name = "Pods-Stock Profile ManagerTests.release.xcconfig"; path = "Target Support Files/Pods-Stock Profile ManagerTests/Pods-Stock Profile ManagerTests.release.xcconfig"; sourceTree = "<group>"; };
		E97AB330E6A733707F32AF87 /* Pods-Stock Profile Manager.debug.xcconfig */ = {isa = PBXFileReference; includeInIndex = 1; lastKnownFileType = text.xcconfig; name = "Pods-Stock Profile Manager.debug.xcconfig"; path = "Target Support Files/Pods-Stock Profile Manager/Pods-Stock Profile Manager.debug.xcconfig"; sourceTree = "<group>"; };
/* End PBXFileReference section */

/* Begin PBXFrameworksBuildPhase section */
		332EE7A32BC1935B00F93DB8 /* Frameworks */ = {
			isa = PBXFrameworksBuildPhase;
			buildActionMask = 2147483647;
			files = (
				2D5D0F99E23B1A800D1D2ACF /* Pods_Stock_Profile_Manager.framework in Frameworks */,
			);
			runOnlyForDeploymentPostprocessing = 0;
		};
		332EE7B32BC1935E00F93DB8 /* Frameworks */ = {
			isa = PBXFrameworksBuildPhase;
			buildActionMask = 2147483647;
			files = (
				5C35376FCB0E8AE076A36464 /* Pods_Stock_Profile_ManagerTests.framework in Frameworks */,
			);
			runOnlyForDeploymentPostprocessing = 0;
		};
		332EE7BD2BC1935E00F93DB8 /* Frameworks */ = {
			isa = PBXFrameworksBuildPhase;
			buildActionMask = 2147483647;
			files = (
				49CF3F42320E0639BEF0161C /* Pods_Stock_Profile_Manager_Stock_Profile_ManagerUITests.framework in Frameworks */,
			);
			runOnlyForDeploymentPostprocessing = 0;
		};
/* End PBXFrameworksBuildPhase section */

/* Begin PBXGroup section */
		1A7B329E7CF34DC1937D6570 /* Pods */ = {
			isa = PBXGroup;
			children = (
				E97AB330E6A733707F32AF87 /* Pods-Stock Profile Manager.debug.xcconfig */,
				7B47A2B87259DA42F027AC4C /* Pods-Stock Profile Manager.release.xcconfig */,
				1030160E14BC26A893952589 /* Pods-Stock Profile Manager-Stock Profile ManagerUITests.debug.xcconfig */,
				520A9A67973E6CB34E322A1F /* Pods-Stock Profile Manager-Stock Profile ManagerUITests.release.xcconfig */,
				6CFC73BD253641E905B2F739 /* Pods-Stock Profile ManagerTests.debug.xcconfig */,
				DDAC2212D31B840AFA92C26C /* Pods-Stock Profile ManagerTests.release.xcconfig */,
			);
			path = Pods;
			sourceTree = "<group>";
		};
		332EE79D2BC1935B00F93DB8 = {
			isa = PBXGroup;
			children = (
				332EE7A82BC1935B00F93DB8 /* Stock Profile Manager */,
				332EE7B92BC1935E00F93DB8 /* Stock Profile ManagerTests */,
				332EE7C32BC1935E00F93DB8 /* Stock Profile ManagerUITests */,
				332EE7A72BC1935B00F93DB8 /* Products */,
				1A7B329E7CF34DC1937D6570 /* Pods */,
				EF24EC73658BD3E24E42D2B7 /* Frameworks */,
			);
			sourceTree = "<group>";
		};
		332EE7A72BC1935B00F93DB8 /* Products */ = {
			isa = PBXGroup;
			children = (
				332EE7A62BC1935B00F93DB8 /* Stock Profile Manager.app */,
				332EE7B62BC1935E00F93DB8 /* Stock Profile ManagerTests.xctest */,
				332EE7C02BC1935E00F93DB8 /* Stock Profile ManagerUITests.xctest */,
			);
			name = Products;
			sourceTree = "<group>";
		};
		332EE7A82BC1935B00F93DB8 /* Stock Profile Manager */ = {
			isa = PBXGroup;
			children = (
				332EE7EA2BC2067700F93DB8 /* ViewModels */,
				332EE7E72BC1CA8B00F93DB8 /* Services */,
				332EE7E02BC1C9F900F93DB8 /* Models */,
				332EE7AB2BC1935B00F93DB8 /* ContentView.swift */,
				332EE7D42BC1939200F93DB8 /* SplashView.swift */,
				332EE7D62BC193AC00F93DB8 /* HomepageView.swift */,
				332EE7A92BC1935B00F93DB8 /* Stock_Profile_ManagerApp.swift */,
				332EE7AD2BC1935E00F93DB8 /* Assets.xcassets */,
				332EE7AF2BC1935E00F93DB8 /* Preview Content */,
				332EE7DE2BC1C1BC00F93DB8 /* DetailsView.swift */,
				333B77EA2BC5BED500592668 /* StockDataView.swift */,
				33570CE52BC66FED00AFCBF8 /* AutocompleteView.swift */,
				33570CE92BC8DA0100AFCBF8 /* Highchart.swift */,
				33570CED2BCA1B6C00AFCBF8 /* Utils.swift */,
				33570CEF2BCA1E9400AFCBF8 /* NewsDetailSheet.swift */,
				33570CF12BCAC9F600AFCBF8 /* TradeSheet.swift */,
				3363F4572BCB7FEB008D84EA /* SuccessBuySheet.swift */,
				335126432BCEDF5A000A1F8B /* SuccessSellSheet.swift */,
				33833D032BE07D0000C19708 /* EPSSurpriseView.swift */,
				33833D052BE07D2C00C19708 /* RecommendationTrendsView.swift */,
				33833D072BE07DB700C19708 /* HourlyView.swift */,
				33833D092BE07E0100C19708 /* HistoricalChartView.swift */,
				33833D0B2BE16B8D00C19708 /* MainHighchartsView.swift */,
				33833D0D2BE1AA7E00C19708 /* InsightsTableView.swift */,
			);
			path = "Stock Profile Manager";
			sourceTree = "<group>";
		};
		332EE7AF2BC1935E00F93DB8 /* Preview Content */ = {
			isa = PBXGroup;
			children = (
				332EE7B02BC1935E00F93DB8 /* Preview Assets.xcassets */,
			);
			path = "Preview Content";
			sourceTree = "<group>";
		};
		332EE7B92BC1935E00F93DB8 /* Stock Profile ManagerTests */ = {
			isa = PBXGroup;
			children = (
				332EE7BA2BC1935E00F93DB8 /* Stock_Profile_ManagerTests.swift */,
			);
			path = "Stock Profile ManagerTests";
			sourceTree = "<group>";
		};
		332EE7C32BC1935E00F93DB8 /* Stock Profile ManagerUITests */ = {
			isa = PBXGroup;
			children = (
				332EE7C42BC1935E00F93DB8 /* Stock_Profile_ManagerUITests.swift */,
				332EE7C62BC1935E00F93DB8 /* Stock_Profile_ManagerUITestsLaunchTests.swift */,
			);
			path = "Stock Profile ManagerUITests";
			sourceTree = "<group>";
		};
		332EE7E02BC1C9F900F93DB8 /* Models */ = {
			isa = PBXGroup;
			children = (
				332EE7E12BC1CA1300F93DB8 /* Portfolio.swift */,
				332EE7E32BC1CA3600F93DB8 /* Favorite.swift */,
				332EE7E52BC1CA4D00F93DB8 /* Wallet.swift */,
				332EE7ED2BC208F600F93DB8 /* Details.swift */,
				330817712BC373A7003D669A /* StockPriceDetails.swift */,
				330817732BC37894003D669A /* History.swift */,
				330817752BC37B71003D669A /* Peers.swift */,
				33570CEB2BC9C3F300AFCBF8 /* News.swift */,
			);
			path = Models;
			sourceTree = "<group>";
		};
		332EE7E72BC1CA8B00F93DB8 /* Services */ = {
			isa = PBXGroup;
			children = (
				332EE7E82BC1D81200F93DB8 /* stocksearch.service.swift */,
				333B77E22BC3A87400592668 /* portfolio.service.swift */,
				333B77E42BC3A88900592668 /* favorites.service.swift */,
			);
			path = Services;
			sourceTree = "<group>";
		};
		332EE7EA2BC2067700F93DB8 /* ViewModels */ = {
			isa = PBXGroup;
			children = (
				332EE7EB2BC206AA00F93DB8 /* DetailsViewModel.swift */,
				333B77E62BC3BEB800592668 /* PortfolioViewModel.swift */,
				33570CE32BC66DDA00AFCBF8 /* AutocompleteViewModel.swift */,
				33570CE72BC8636A00AFCBF8 /* FavoriteViewModel.swift */,
				33833CFD2BE0768100C19708 /* MainChartsViewModel.swift */,
			);
			path = ViewModels;
			sourceTree = "<group>";
		};
		EF24EC73658BD3E24E42D2B7 /* Frameworks */ = {
			isa = PBXGroup;
			children = (
				C190BDE46918CB0A58DE45B1 /* Pods_Stock_Profile_Manager.framework */,
				7AE898823AAEDA75F8052ABC /* Pods_Stock_Profile_Manager_Stock_Profile_ManagerUITests.framework */,
				34FDD1FC7269D3022D3993D3 /* Pods_Stock_Profile_ManagerTests.framework */,
			);
			name = Frameworks;
			sourceTree = "<group>";
		};
/* End PBXGroup section */

/* Begin PBXNativeTarget section */
		332EE7A52BC1935B00F93DB8 /* Stock Profile Manager */ = {
			isa = PBXNativeTarget;
			buildConfigurationList = 332EE7CA2BC1935E00F93DB8 /* Build configuration list for PBXNativeTarget "Stock Profile Manager" */;
			buildPhases = (
				307EA14E0B7E96E968890E1B /* [CP] Check Pods Manifest.lock */,
				332EE7A22BC1935B00F93DB8 /* Sources */,
				332EE7A32BC1935B00F93DB8 /* Frameworks */,
				332EE7A42BC1935B00F93DB8 /* Resources */,
				A8998E9215FC00E773C33850 /* [CP] Embed Pods Frameworks */,
			);
			buildRules = (
			);
			dependencies = (
			);
			name = "Stock Profile Manager";
			productName = "Stock Profile Manager";
			productReference = 332EE7A62BC1935B00F93DB8 /* Stock Profile Manager.app */;
			productType = "com.apple.product-type.application";
		};
		332EE7B52BC1935E00F93DB8 /* Stock Profile ManagerTests */ = {
			isa = PBXNativeTarget;
			buildConfigurationList = 332EE7CD2BC1935E00F93DB8 /* Build configuration list for PBXNativeTarget "Stock Profile ManagerTests" */;
			buildPhases = (
				9F03D2B20F8D9CBF9B953669 /* [CP] Check Pods Manifest.lock */,
				332EE7B22BC1935E00F93DB8 /* Sources */,
				332EE7B32BC1935E00F93DB8 /* Frameworks */,
				332EE7B42BC1935E00F93DB8 /* Resources */,
			);
			buildRules = (
			);
			dependencies = (
				332EE7B82BC1935E00F93DB8 /* PBXTargetDependency */,
			);
			name = "Stock Profile ManagerTests";
			productName = "Stock Profile ManagerTests";
			productReference = 332EE7B62BC1935E00F93DB8 /* Stock Profile ManagerTests.xctest */;
			productType = "com.apple.product-type.bundle.unit-test";
		};
		332EE7BF2BC1935E00F93DB8 /* Stock Profile ManagerUITests */ = {
			isa = PBXNativeTarget;
			buildConfigurationList = 332EE7D02BC1935E00F93DB8 /* Build configuration list for PBXNativeTarget "Stock Profile ManagerUITests" */;
			buildPhases = (
				1B3896DE826CE4F08BFC32AD /* [CP] Check Pods Manifest.lock */,
				332EE7BC2BC1935E00F93DB8 /* Sources */,
				332EE7BD2BC1935E00F93DB8 /* Frameworks */,
				332EE7BE2BC1935E00F93DB8 /* Resources */,
				55E9CE97605787F3EEFC9F0C /* [CP] Embed Pods Frameworks */,
			);
			buildRules = (
			);
			dependencies = (
				332EE7C22BC1935E00F93DB8 /* PBXTargetDependency */,
			);
			name = "Stock Profile ManagerUITests";
			productName = "Stock Profile ManagerUITests";
			productReference = 332EE7C02BC1935E00F93DB8 /* Stock Profile ManagerUITests.xctest */;
			productType = "com.apple.product-type.bundle.ui-testing";
		};
/* End PBXNativeTarget section */

/* Begin PBXProject section */
		332EE79E2BC1935B00F93DB8 /* Project object */ = {
			isa = PBXProject;
			attributes = {
				BuildIndependentTargetsInParallel = 1;
				LastSwiftUpdateCheck = 1530;
				LastUpgradeCheck = 1530;
				TargetAttributes = {
					332EE7A52BC1935B00F93DB8 = {
						CreatedOnToolsVersion = 15.3;
					};
					332EE7B52BC1935E00F93DB8 = {
						CreatedOnToolsVersion = 15.3;
						TestTargetID = 332EE7A52BC1935B00F93DB8;
					};
					332EE7BF2BC1935E00F93DB8 = {
						CreatedOnToolsVersion = 15.3;
						TestTargetID = 332EE7A52BC1935B00F93DB8;
					};
				};
			};
			buildConfigurationList = 332EE7A12BC1935B00F93DB8 /* Build configuration list for PBXProject "Stock Profile Manager" */;
			compatibilityVersion = "Xcode 14.0";
			developmentRegion = en;
			hasScannedForEncodings = 0;
			knownRegions = (
				en,
				Base,
			);
			mainGroup = 332EE79D2BC1935B00F93DB8;
			productRefGroup = 332EE7A72BC1935B00F93DB8 /* Products */;
			projectDirPath = "";
			projectRoot = "";
			targets = (
				332EE7A52BC1935B00F93DB8 /* Stock Profile Manager */,
				332EE7B52BC1935E00F93DB8 /* Stock Profile ManagerTests */,
				332EE7BF2BC1935E00F93DB8 /* Stock Profile ManagerUITests */,
			);
		};
/* End PBXProject section */

/* Begin PBXResourcesBuildPhase section */
		332EE7A42BC1935B00F93DB8 /* Resources */ = {
			isa = PBXResourcesBuildPhase;
			buildActionMask = 2147483647;
			files = (
				332EE7B12BC1935E00F93DB8 /* Preview Assets.xcassets in Resources */,
				332EE7AE2BC1935E00F93DB8 /* Assets.xcassets in Resources */,
			);
			runOnlyForDeploymentPostprocessing = 0;
		};
		332EE7B42BC1935E00F93DB8 /* Resources */ = {
			isa = PBXResourcesBuildPhase;
			buildActionMask = 2147483647;
			files = (
			);
			runOnlyForDeploymentPostprocessing = 0;
		};
		332EE7BE2BC1935E00F93DB8 /* Resources */ = {
			isa = PBXResourcesBuildPhase;
			buildActionMask = 2147483647;
			files = (
			);
			runOnlyForDeploymentPostprocessing = 0;
		};
/* End PBXResourcesBuildPhase section */

/* Begin PBXShellScriptBuildPhase section */
		1B3896DE826CE4F08BFC32AD /* [CP] Check Pods Manifest.lock */ = {
			isa = PBXShellScriptBuildPhase;
			buildActionMask = 2147483647;
			files = (
			);
			inputFileListPaths = (
			);
			inputPaths = (
				"${PODS_PODFILE_DIR_PATH}/Podfile.lock",
				"${PODS_ROOT}/Manifest.lock",
			);
			name = "[CP] Check Pods Manifest.lock";
			outputFileListPaths = (
			);
			outputPaths = (
				"$(DERIVED_FILE_DIR)/Pods-Stock Profile Manager-Stock Profile ManagerUITests-checkManifestLockResult.txt",
			);
			runOnlyForDeploymentPostprocessing = 0;
			shellPath = /bin/sh;
			shellScript = "diff \"${PODS_PODFILE_DIR_PATH}/Podfile.lock\" \"${PODS_ROOT}/Manifest.lock\" > /dev/null\nif [ $? != 0 ] ; then\n    # print error to STDERR\n    echo \"error: The sandbox is not in sync with the Podfile.lock. Run 'pod install' or update your CocoaPods installation.\" >&2\n    exit 1\nfi\n# This output is used by Xcode 'outputs' to avoid re-running this script phase.\necho \"SUCCESS\" > \"${SCRIPT_OUTPUT_FILE_0}\"\n";
			showEnvVarsInLog = 0;
		};
		307EA14E0B7E96E968890E1B /* [CP] Check Pods Manifest.lock */ = {
			isa = PBXShellScriptBuildPhase;
			buildActionMask = 2147483647;
			files = (
			);
			inputFileListPaths = (
			);
			inputPaths = (
				"${PODS_PODFILE_DIR_PATH}/Podfile.lock",
				"${PODS_ROOT}/Manifest.lock",
			);
			name = "[CP] Check Pods Manifest.lock";
			outputFileListPaths = (
			);
			outputPaths = (
				"$(DERIVED_FILE_DIR)/Pods-Stock Profile Manager-checkManifestLockResult.txt",
			);
			runOnlyForDeploymentPostprocessing = 0;
			shellPath = /bin/sh;
			shellScript = "diff \"${PODS_PODFILE_DIR_PATH}/Podfile.lock\" \"${PODS_ROOT}/Manifest.lock\" > /dev/null\nif [ $? != 0 ] ; then\n    # print error to STDERR\n    echo \"error: The sandbox is not in sync with the Podfile.lock. Run 'pod install' or update your CocoaPods installation.\" >&2\n    exit 1\nfi\n# This output is used by Xcode 'outputs' to avoid re-running this script phase.\necho \"SUCCESS\" > \"${SCRIPT_OUTPUT_FILE_0}\"\n";
			showEnvVarsInLog = 0;
		};
		55E9CE97605787F3EEFC9F0C /* [CP] Embed Pods Frameworks */ = {
			isa = PBXShellScriptBuildPhase;
			buildActionMask = 2147483647;
			files = (
			);
			inputFileListPaths = (
				"${PODS_ROOT}/Target Support Files/Pods-Stock Profile Manager-Stock Profile ManagerUITests/Pods-Stock Profile Manager-Stock Profile ManagerUITests-frameworks-${CONFIGURATION}-input-files.xcfilelist",
			);
			name = "[CP] Embed Pods Frameworks";
			outputFileListPaths = (
				"${PODS_ROOT}/Target Support Files/Pods-Stock Profile Manager-Stock Profile ManagerUITests/Pods-Stock Profile Manager-Stock Profile ManagerUITests-frameworks-${CONFIGURATION}-output-files.xcfilelist",
			);
			runOnlyForDeploymentPostprocessing = 0;
			shellPath = /bin/sh;
			shellScript = "\"${PODS_ROOT}/Target Support Files/Pods-Stock Profile Manager-Stock Profile ManagerUITests/Pods-Stock Profile Manager-Stock Profile ManagerUITests-frameworks.sh\"\n";
			showEnvVarsInLog = 0;
		};
		9F03D2B20F8D9CBF9B953669 /* [CP] Check Pods Manifest.lock */ = {
			isa = PBXShellScriptBuildPhase;
			buildActionMask = 2147483647;
			files = (
			);
			inputFileListPaths = (
			);
			inputPaths = (
				"${PODS_PODFILE_DIR_PATH}/Podfile.lock",
				"${PODS_ROOT}/Manifest.lock",
			);
			name = "[CP] Check Pods Manifest.lock";
			outputFileListPaths = (
			);
			outputPaths = (
				"$(DERIVED_FILE_DIR)/Pods-Stock Profile ManagerTests-checkManifestLockResult.txt",
			);
			runOnlyForDeploymentPostprocessing = 0;
			shellPath = /bin/sh;
			shellScript = "diff \"${PODS_PODFILE_DIR_PATH}/Podfile.lock\" \"${PODS_ROOT}/Manifest.lock\" > /dev/null\nif [ $? != 0 ] ; then\n    # print error to STDERR\n    echo \"error: The sandbox is not in sync with the Podfile.lock. Run 'pod install' or update your CocoaPods installation.\" >&2\n    exit 1\nfi\n# This output is used by Xcode 'outputs' to avoid re-running this script phase.\necho \"SUCCESS\" > \"${SCRIPT_OUTPUT_FILE_0}\"\n";
			showEnvVarsInLog = 0;
		};
		A8998E9215FC00E773C33850 /* [CP] Embed Pods Frameworks */ = {
			isa = PBXShellScriptBuildPhase;
			buildActionMask = 2147483647;
			files = (
			);
			inputFileListPaths = (
				"${PODS_ROOT}/Target Support Files/Pods-Stock Profile Manager/Pods-Stock Profile Manager-frameworks-${CONFIGURATION}-input-files.xcfilelist",
			);
			name = "[CP] Embed Pods Frameworks";
			outputFileListPaths = (
				"${PODS_ROOT}/Target Support Files/Pods-Stock Profile Manager/Pods-Stock Profile Manager-frameworks-${CONFIGURATION}-output-files.xcfilelist",
			);
			runOnlyForDeploymentPostprocessing = 0;
			shellPath = /bin/sh;
			shellScript = "\"${PODS_ROOT}/Target Support Files/Pods-Stock Profile Manager/Pods-Stock Profile Manager-frameworks.sh\"\n";
			showEnvVarsInLog = 0;
		};
/* End PBXShellScriptBuildPhase section */

/* Begin PBXSourcesBuildPhase section */
		332EE7A22BC1935B00F93DB8 /* Sources */ = {
			isa = PBXSourcesBuildPhase;
			buildActionMask = 2147483647;
			files = (
				332EE7E62BC1CA4D00F93DB8 /* Wallet.swift in Sources */,
				33570CEC2BC9C3F300AFCBF8 /* News.swift in Sources */,
				332EE7E22BC1CA1300F93DB8 /* Portfolio.swift in Sources */,
				33833D082BE07DB700C19708 /* HourlyView.swift in Sources */,
				332EE7E42BC1CA3600F93DB8 /* Favorite.swift in Sources */,
				333B77E72BC3BEB800592668 /* PortfolioViewModel.swift in Sources */,
				330817722BC373A7003D669A /* StockPriceDetails.swift in Sources */,
				33570CF22BCAC9F600AFCBF8 /* TradeSheet.swift in Sources */,
				333B77E52BC3A88900592668 /* favorites.service.swift in Sources */,
				33570CE82BC8636A00AFCBF8 /* FavoriteViewModel.swift in Sources */,
				332EE7AA2BC1935B00F93DB8 /* Stock_Profile_ManagerApp.swift in Sources */,
				33833D062BE07D2C00C19708 /* RecommendationTrendsView.swift in Sources */,
				33570CE62BC66FED00AFCBF8 /* AutocompleteView.swift in Sources */,
				332EE7DF2BC1C1BC00F93DB8 /* DetailsView.swift in Sources */,
				33570CEA2BC8DA0100AFCBF8 /* Highchart.swift in Sources */,
				332EE7D72BC193AC00F93DB8 /* HomepageView.swift in Sources */,
				33833D0C2BE16B8D00C19708 /* MainHighchartsView.swift in Sources */,
				332EE7EE2BC208F600F93DB8 /* Details.swift in Sources */,
				335126442BCEDF5A000A1F8B /* SuccessSellSheet.swift in Sources */,
				33833D042BE07D0000C19708 /* EPSSurpriseView.swift in Sources */,
				333B77EB2BC5BED500592668 /* StockDataView.swift in Sources */,
				33570CE42BC66DDA00AFCBF8 /* AutocompleteViewModel.swift in Sources */,
				332EE7D82BC19A2600F93DB8 /* ContentView.swift in Sources */,
				333B77E32BC3A87400592668 /* portfolio.service.swift in Sources */,
				332EE7EC2BC206AA00F93DB8 /* DetailsViewModel.swift in Sources */,
				330817742BC37894003D669A /* History.swift in Sources */,
				330817762BC37B71003D669A /* Peers.swift in Sources */,
				33570CF02BCA1E9400AFCBF8 /* NewsDetailSheet.swift in Sources */,
				33833D0A2BE07E0100C19708 /* HistoricalChartView.swift in Sources */,
				33833D0E2BE1AA7E00C19708 /* InsightsTableView.swift in Sources */,
				33833CFE2BE0768100C19708 /* MainChartsViewModel.swift in Sources */,
				3363F4582BCB7FEB008D84EA /* SuccessBuySheet.swift in Sources */,
				332EE7E92BC1D81200F93DB8 /* stocksearch.service.swift in Sources */,
				332EE7D52BC1939200F93DB8 /* SplashView.swift in Sources */,
				33570CEE2BCA1B6C00AFCBF8 /* Utils.swift in Sources */,
			);
			runOnlyForDeploymentPostprocessing = 0;
		};
		332EE7B22BC1935E00F93DB8 /* Sources */ = {
			isa = PBXSourcesBuildPhase;
			buildActionMask = 2147483647;
			files = (
				332EE7BB2BC1935E00F93DB8 /* Stock_Profile_ManagerTests.swift in Sources */,
			);
			runOnlyForDeploymentPostprocessing = 0;
		};
		332EE7BC2BC1935E00F93DB8 /* Sources */ = {
			isa = PBXSourcesBuildPhase;
			buildActionMask = 2147483647;
			files = (
				332EE7C52BC1935E00F93DB8 /* Stock_Profile_ManagerUITests.swift in Sources */,
				332EE7C72BC1935E00F93DB8 /* Stock_Profile_ManagerUITestsLaunchTests.swift in Sources */,
			);
			runOnlyForDeploymentPostprocessing = 0;
		};
/* End PBXSourcesBuildPhase section */

/* Begin PBXTargetDependency section */
		332EE7B82BC1935E00F93DB8 /* PBXTargetDependency */ = {
			isa = PBXTargetDependency;
			target = 332EE7A52BC1935B00F93DB8 /* Stock Profile Manager */;
			targetProxy = 332EE7B72BC1935E00F93DB8 /* PBXContainerItemProxy */;
		};
		332EE7C22BC1935E00F93DB8 /* PBXTargetDependency */ = {
			isa = PBXTargetDependency;
			target = 332EE7A52BC1935B00F93DB8 /* Stock Profile Manager */;
			targetProxy = 332EE7C12BC1935E00F93DB8 /* PBXContainerItemProxy */;
		};
/* End PBXTargetDependency section */

/* Begin XCBuildConfiguration section */
		332EE7C82BC1935E00F93DB8 /* Debug */ = {
			isa = XCBuildConfiguration;
			buildSettings = {
				ALWAYS_SEARCH_USER_PATHS = NO;
				ASSETCATALOG_COMPILER_GENERATE_SWIFT_ASSET_SYMBOL_EXTENSIONS = YES;
				CLANG_ANALYZER_NONNULL = YES;
				CLANG_ANALYZER_NUMBER_OBJECT_CONVERSION = YES_AGGRESSIVE;
				CLANG_CXX_LANGUAGE_STANDARD = "gnu++20";
				CLANG_ENABLE_MODULES = YES;
				CLANG_ENABLE_OBJC_ARC = YES;
				CLANG_ENABLE_OBJC_WEAK = YES;
				CLANG_WARN_BLOCK_CAPTURE_AUTORELEASING = YES;
				CLANG_WARN_BOOL_CONVERSION = YES;
				CLANG_WARN_COMMA = YES;
				CLANG_WARN_CONSTANT_CONVERSION = YES;
				CLANG_WARN_DEPRECATED_OBJC_IMPLEMENTATIONS = YES;
				CLANG_WARN_DIRECT_OBJC_ISA_USAGE = YES_ERROR;
				CLANG_WARN_DOCUMENTATION_COMMENTS = YES;
				CLANG_WARN_EMPTY_BODY = YES;
				CLANG_WARN_ENUM_CONVERSION = YES;
				CLANG_WARN_INFINITE_RECURSION = YES;
				CLANG_WARN_INT_CONVERSION = YES;
				CLANG_WARN_NON_LITERAL_NULL_CONVERSION = YES;
				CLANG_WARN_OBJC_IMPLICIT_RETAIN_SELF = YES;
				CLANG_WARN_OBJC_LITERAL_CONVERSION = YES;
				CLANG_WARN_OBJC_ROOT_CLASS = YES_ERROR;
				CLANG_WARN_QUOTED_INCLUDE_IN_FRAMEWORK_HEADER = YES;
				CLANG_WARN_RANGE_LOOP_ANALYSIS = YES;
				CLANG_WARN_STRICT_PROTOTYPES = YES;
				CLANG_WARN_SUSPICIOUS_MOVE = YES;
				CLANG_WARN_UNGUARDED_AVAILABILITY = YES_AGGRESSIVE;
				CLANG_WARN_UNREACHABLE_CODE = YES;
				CLANG_WARN__DUPLICATE_METHOD_MATCH = YES;
				COPY_PHASE_STRIP = NO;
				DEBUG_INFORMATION_FORMAT = dwarf;
				ENABLE_STRICT_OBJC_MSGSEND = YES;
				ENABLE_TESTABILITY = YES;
				ENABLE_USER_SCRIPT_SANDBOXING = YES;
				GCC_C_LANGUAGE_STANDARD = gnu17;
				GCC_DYNAMIC_NO_PIC = NO;
				GCC_NO_COMMON_BLOCKS = YES;
				GCC_OPTIMIZATION_LEVEL = 0;
				GCC_PREPROCESSOR_DEFINITIONS = (
					"DEBUG=1",
					"$(inherited)",
				);
				GCC_WARN_64_TO_32_BIT_CONVERSION = YES;
				GCC_WARN_ABOUT_RETURN_TYPE = YES_ERROR;
				GCC_WARN_UNDECLARED_SELECTOR = YES;
				GCC_WARN_UNINITIALIZED_AUTOS = YES_AGGRESSIVE;
				GCC_WARN_UNUSED_FUNCTION = YES;
				GCC_WARN_UNUSED_VARIABLE = YES;
				IPHONEOS_DEPLOYMENT_TARGET = 17.4;
				LOCALIZATION_PREFERS_STRING_CATALOGS = YES;
				MTL_ENABLE_DEBUG_INFO = INCLUDE_SOURCE;
				MTL_FAST_MATH = YES;
				ONLY_ACTIVE_ARCH = YES;
				SDKROOT = iphoneos;
				SWIFT_ACTIVE_COMPILATION_CONDITIONS = "DEBUG $(inherited)";
				SWIFT_OPTIMIZATION_LEVEL = "-Onone";
			};
			name = Debug;
		};
		332EE7C92BC1935E00F93DB8 /* Release */ = {
			isa = XCBuildConfiguration;
			buildSettings = {
				ALWAYS_SEARCH_USER_PATHS = NO;
				ASSETCATALOG_COMPILER_GENERATE_SWIFT_ASSET_SYMBOL_EXTENSIONS = YES;
				CLANG_ANALYZER_NONNULL = YES;
				CLANG_ANALYZER_NUMBER_OBJECT_CONVERSION = YES_AGGRESSIVE;
				CLANG_CXX_LANGUAGE_STANDARD = "gnu++20";
				CLANG_ENABLE_MODULES = YES;
				CLANG_ENABLE_OBJC_ARC = YES;
				CLANG_ENABLE_OBJC_WEAK = YES;
				CLANG_WARN_BLOCK_CAPTURE_AUTORELEASING = YES;
				CLANG_WARN_BOOL_CONVERSION = YES;
				CLANG_WARN_COMMA = YES;
				CLANG_WARN_CONSTANT_CONVERSION = YES;
				CLANG_WARN_DEPRECATED_OBJC_IMPLEMENTATIONS = YES;
				CLANG_WARN_DIRECT_OBJC_ISA_USAGE = YES_ERROR;
				CLANG_WARN_DOCUMENTATION_COMMENTS = YES;
				CLANG_WARN_EMPTY_BODY = YES;
				CLANG_WARN_ENUM_CONVERSION = YES;
				CLANG_WARN_INFINITE_RECURSION = YES;
				CLANG_WARN_INT_CONVERSION = YES;
				CLANG_WARN_NON_LITERAL_NULL_CONVERSION = YES;
				CLANG_WARN_OBJC_IMPLICIT_RETAIN_SELF = YES;
				CLANG_WARN_OBJC_LITERAL_CONVERSION = YES;
				CLANG_WARN_OBJC_ROOT_CLASS = YES_ERROR;
				CLANG_WARN_QUOTED_INCLUDE_IN_FRAMEWORK_HEADER = YES;
				CLANG_WARN_RANGE_LOOP_ANALYSIS = YES;
				CLANG_WARN_STRICT_PROTOTYPES = YES;
				CLANG_WARN_SUSPICIOUS_MOVE = YES;
				CLANG_WARN_UNGUARDED_AVAILABILITY = YES_AGGRESSIVE;
				CLANG_WARN_UNREACHABLE_CODE = YES;
				CLANG_WARN__DUPLICATE_METHOD_MATCH = YES;
				COPY_PHASE_STRIP = NO;
				DEBUG_INFORMATION_FORMAT = "dwarf-with-dsym";
				ENABLE_NS_ASSERTIONS = NO;
				ENABLE_STRICT_OBJC_MSGSEND = YES;
				ENABLE_USER_SCRIPT_SANDBOXING = YES;
				GCC_C_LANGUAGE_STANDARD = gnu17;
				GCC_NO_COMMON_BLOCKS = YES;
				GCC_WARN_64_TO_32_BIT_CONVERSION = YES;
				GCC_WARN_ABOUT_RETURN_TYPE = YES_ERROR;
				GCC_WARN_UNDECLARED_SELECTOR = YES;
				GCC_WARN_UNINITIALIZED_AUTOS = YES_AGGRESSIVE;
				GCC_WARN_UNUSED_FUNCTION = YES;
				GCC_WARN_UNUSED_VARIABLE = YES;
				IPHONEOS_DEPLOYMENT_TARGET = 17.4;
				LOCALIZATION_PREFERS_STRING_CATALOGS = YES;
				MTL_ENABLE_DEBUG_INFO = NO;
				MTL_FAST_MATH = YES;
				SDKROOT = iphoneos;
				SWIFT_COMPILATION_MODE = wholemodule;
				VALIDATE_PRODUCT = YES;
			};
			name = Release;
		};
		332EE7CB2BC1935E00F93DB8 /* Debug */ = {
			isa = XCBuildConfiguration;
			baseConfigurationReference = E97AB330E6A733707F32AF87 /* Pods-Stock Profile Manager.debug.xcconfig */;
			buildSettings = {
				ASSETCATALOG_COMPILER_APPICON_NAME = AppIcon;
				ASSETCATALOG_COMPILER_GLOBAL_ACCENT_COLOR_NAME = AccentColor;
				CODE_SIGN_STYLE = Automatic;
				CURRENT_PROJECT_VERSION = 1;
				DEVELOPMENT_ASSET_PATHS = "\"Stock Profile Manager/Preview Content\"";
				ENABLE_PREVIEWS = YES;
				ENABLE_USER_SCRIPT_SANDBOXING = NO;
				GENERATE_INFOPLIST_FILE = YES;
				INFOPLIST_KEY_UIApplicationSceneManifest_Generation = YES;
				INFOPLIST_KEY_UIApplicationSupportsIndirectInputEvents = YES;
				INFOPLIST_KEY_UILaunchScreen_Generation = YES;
				INFOPLIST_KEY_UISupportedInterfaceOrientations_iPad = "UIInterfaceOrientationPortrait UIInterfaceOrientationPortraitUpsideDown UIInterfaceOrientationLandscapeLeft UIInterfaceOrientationLandscapeRight";
				INFOPLIST_KEY_UISupportedInterfaceOrientations_iPhone = "UIInterfaceOrientationPortrait UIInterfaceOrientationLandscapeLeft UIInterfaceOrientationLandscapeRight";
				LD_RUNPATH_SEARCH_PATHS = (
					"$(inherited)",
					"@executable_path/Frameworks",
				);
				MARKETING_VERSION = 1.0;
				PRODUCT_BUNDLE_IDENTIFIER = "com.mmgg.Stock-Profile-Manager";
				PRODUCT_NAME = "$(TARGET_NAME)";
				SWIFT_EMIT_LOC_STRINGS = YES;
				SWIFT_VERSION = 5.0;
				TARGETED_DEVICE_FAMILY = "1,2";
			};
			name = Debug;
		};
		332EE7CC2BC1935E00F93DB8 /* Release */ = {
			isa = XCBuildConfiguration;
			baseConfigurationReference = 7B47A2B87259DA42F027AC4C /* Pods-Stock Profile Manager.release.xcconfig */;
			buildSettings = {
				ASSETCATALOG_COMPILER_APPICON_NAME = AppIcon;
				ASSETCATALOG_COMPILER_GLOBAL_ACCENT_COLOR_NAME = AccentColor;
				CODE_SIGN_STYLE = Automatic;
				CURRENT_PROJECT_VERSION = 1;
				DEVELOPMENT_ASSET_PATHS = "\"Stock Profile Manager/Preview Content\"";
				ENABLE_PREVIEWS = YES;
				ENABLE_USER_SCRIPT_SANDBOXING = NO;
				GENERATE_INFOPLIST_FILE = YES;
				INFOPLIST_KEY_UIApplicationSceneManifest_Generation = YES;
				INFOPLIST_KEY_UIApplicationSupportsIndirectInputEvents = YES;
				INFOPLIST_KEY_UILaunchScreen_Generation = YES;
				INFOPLIST_KEY_UISupportedInterfaceOrientations_iPad = "UIInterfaceOrientationPortrait UIInterfaceOrientationPortraitUpsideDown UIInterfaceOrientationLandscapeLeft UIInterfaceOrientationLandscapeRight";
				INFOPLIST_KEY_UISupportedInterfaceOrientations_iPhone = "UIInterfaceOrientationPortrait UIInterfaceOrientationLandscapeLeft UIInterfaceOrientationLandscapeRight";
				LD_RUNPATH_SEARCH_PATHS = (
					"$(inherited)",
					"@executable_path/Frameworks",
				);
				MARKETING_VERSION = 1.0;
				PRODUCT_BUNDLE_IDENTIFIER = "com.mmgg.Stock-Profile-Manager";
				PRODUCT_NAME = "$(TARGET_NAME)";
				SWIFT_EMIT_LOC_STRINGS = YES;
				SWIFT_VERSION = 5.0;
				TARGETED_DEVICE_FAMILY = "1,2";
			};
			name = Release;
		};
		332EE7CE2BC1935E00F93DB8 /* Debug */ = {
			isa = XCBuildConfiguration;
			baseConfigurationReference = 6CFC73BD253641E905B2F739 /* Pods-Stock Profile ManagerTests.debug.xcconfig */;
			buildSettings = {
				ALWAYS_EMBED_SWIFT_STANDARD_LIBRARIES = YES;
				BUNDLE_LOADER = "$(TEST_HOST)";
				CODE_SIGN_STYLE = Automatic;
				CURRENT_PROJECT_VERSION = 1;
				ENABLE_USER_SCRIPT_SANDBOXING = NO;
				GENERATE_INFOPLIST_FILE = YES;
				IPHONEOS_DEPLOYMENT_TARGET = 17.4;
				MARKETING_VERSION = 1.0;
				PRODUCT_BUNDLE_IDENTIFIER = "com.mmgg.Stock-Profile-ManagerTests";
				PRODUCT_NAME = "$(TARGET_NAME)";
				SWIFT_EMIT_LOC_STRINGS = NO;
				SWIFT_VERSION = 5.0;
				TARGETED_DEVICE_FAMILY = "1,2";
				TEST_HOST = "$(BUILT_PRODUCTS_DIR)/Stock Profile Manager.app/$(BUNDLE_EXECUTABLE_FOLDER_PATH)/Stock Profile Manager";
			};
			name = Debug;
		};
		332EE7CF2BC1935E00F93DB8 /* Release */ = {
			isa = XCBuildConfiguration;
			baseConfigurationReference = DDAC2212D31B840AFA92C26C /* Pods-Stock Profile ManagerTests.release.xcconfig */;
			buildSettings = {
				ALWAYS_EMBED_SWIFT_STANDARD_LIBRARIES = YES;
				BUNDLE_LOADER = "$(TEST_HOST)";
				CODE_SIGN_STYLE = Automatic;
				CURRENT_PROJECT_VERSION = 1;
				ENABLE_USER_SCRIPT_SANDBOXING = NO;
				GENERATE_INFOPLIST_FILE = YES;
				IPHONEOS_DEPLOYMENT_TARGET = 17.4;
				MARKETING_VERSION = 1.0;
				PRODUCT_BUNDLE_IDENTIFIER = "com.mmgg.Stock-Profile-ManagerTests";
				PRODUCT_NAME = "$(TARGET_NAME)";
				SWIFT_EMIT_LOC_STRINGS = NO;
				SWIFT_VERSION = 5.0;
				TARGETED_DEVICE_FAMILY = "1,2";
				TEST_HOST = "$(BUILT_PRODUCTS_DIR)/Stock Profile Manager.app/$(BUNDLE_EXECUTABLE_FOLDER_PATH)/Stock Profile Manager";
			};
			name = Release;
		};
		332EE7D12BC1935E00F93DB8 /* Debug */ = {
			isa = XCBuildConfiguration;
			baseConfigurationReference = 1030160E14BC26A893952589 /* Pods-Stock Profile Manager-Stock Profile ManagerUITests.debug.xcconfig */;
			buildSettings = {
				ALWAYS_EMBED_SWIFT_STANDARD_LIBRARIES = YES;
				CODE_SIGN_STYLE = Automatic;
				CURRENT_PROJECT_VERSION = 1;
				ENABLE_USER_SCRIPT_SANDBOXING = NO;
				GENERATE_INFOPLIST_FILE = YES;
				MARKETING_VERSION = 1.0;
				PRODUCT_BUNDLE_IDENTIFIER = "com.mmgg.Stock-Profile-ManagerUITests";
				PRODUCT_NAME = "$(TARGET_NAME)";
				SWIFT_EMIT_LOC_STRINGS = NO;
				SWIFT_VERSION = 5.0;
				TARGETED_DEVICE_FAMILY = "1,2";
				TEST_TARGET_NAME = "Stock Profile Manager";
			};
			name = Debug;
		};
		332EE7D22BC1935E00F93DB8 /* Release */ = {
			isa = XCBuildConfiguration;
			baseConfigurationReference = 520A9A67973E6CB34E322A1F /* Pods-Stock Profile Manager-Stock Profile ManagerUITests.release.xcconfig */;
			buildSettings = {
				ALWAYS_EMBED_SWIFT_STANDARD_LIBRARIES = YES;
				CODE_SIGN_STYLE = Automatic;
				CURRENT_PROJECT_VERSION = 1;
				ENABLE_USER_SCRIPT_SANDBOXING = NO;
				GENERATE_INFOPLIST_FILE = YES;
				MARKETING_VERSION = 1.0;
				PRODUCT_BUNDLE_IDENTIFIER = "com.mmgg.Stock-Profile-ManagerUITests";
				PRODUCT_NAME = "$(TARGET_NAME)";
				SWIFT_EMIT_LOC_STRINGS = NO;
				SWIFT_VERSION = 5.0;
				TARGETED_DEVICE_FAMILY = "1,2";
				TEST_TARGET_NAME = "Stock Profile Manager";
			};
			name = Release;
		};
/* End XCBuildConfiguration section */

/* Begin XCConfigurationList section */
		332EE7A12BC1935B00F93DB8 /* Build configuration list for PBXProject "Stock Profile Manager" */ = {
			isa = XCConfigurationList;
			buildConfigurations = (
				332EE7C82BC1935E00F93DB8 /* Debug */,
				332EE7C92BC1935E00F93DB8 /* Release */,
			);
			defaultConfigurationIsVisible = 0;
			defaultConfigurationName = Release;
		};
		332EE7CA2BC1935E00F93DB8 /* Build configuration list for PBXNativeTarget "Stock Profile Manager" */ = {
			isa = XCConfigurationList;
			buildConfigurations = (
				332EE7CB2BC1935E00F93DB8 /* Debug */,
				332EE7CC2BC1935E00F93DB8 /* Release */,
			);
			defaultConfigurationIsVisible = 0;
			defaultConfigurationName = Release;
		};
		332EE7CD2BC1935E00F93DB8 /* Build configuration list for PBXNativeTarget "Stock Profile ManagerTests" */ = {
			isa = XCConfigurationList;
			buildConfigurations = (
				332EE7CE2BC1935E00F93DB8 /* Debug */,
				332EE7CF2BC1935E00F93DB8 /* Release */,
			);
			defaultConfigurationIsVisible = 0;
			defaultConfigurationName = Release;
		};
		332EE7D02BC1935E00F93DB8 /* Build configuration list for PBXNativeTarget "Stock Profile ManagerUITests" */ = {
			isa = XCConfigurationList;
			buildConfigurations = (
				332EE7D12BC1935E00F93DB8 /* Debug */,
				332EE7D22BC1935E00F93DB8 /* Release */,
			);
			defaultConfigurationIsVisible = 0;
			defaultConfigurationName = Release;
		};
/* End XCConfigurationList section */
	};
	rootObject = 332EE79E2BC1935B00F93DB8 /* Project object */;
}
